
Microsoft Visual Studio Solution File, Format Version 12.00
# Visual Studio Version 16
VisualStudioVersion = 16.0.30011.22
MinimumVisualStudioVersion = 10.0.40219.1
Project("{FAE04EC0-301F-11D3-BF4B-00C04F79EFBC}") = "SkipList2020", "SkipList2020\SkipList2020.csproj", "{FB25E1EF-9F05-49BA-B241-2CAF2619C1C3}"
EndProject
Project("{FAE04EC0-301F-11D3-BF4B-00C04F79EFBC}") = "SkipListUnitTests", "SkipListUnitTests\SkipListUnitTests.csproj", "{F0DE146E-6740-440D-928B-5CB0BC332F41}"
EndProject
Project("{FAE04EC0-301F-11D3-BF4B-00C04F79EFBC}") = "SkipListComparision", "SkipListComparision\SkipListComparision.csproj", "{D6BF3FC6-5076-4AA7-A949-FD7DFFC2ABBB}"
EndProject
Global
	GlobalSection(SolutionConfigurationPlatforms) = preSolution
		Debug|Any CPU = Debug|Any CPU
		Release|Any CPU = Release|Any CPU
	EndGlobalSection
	GlobalSection(ProjectConfigurationPlatforms) = postSolution
		{FB25E1EF-9F05-49BA-B241-2CAF2619C1C3}.Debug|Any CPU.ActiveCfg = Debug|Any CPU
		{FB25E1EF-9F05-49BA-B241-2CAF2619C1C3}.Debug|Any CPU.Build.0 = Debug|Any CPU
		{FB25E1EF-9F05-49BA-B241-2CAF2619C1C3}.Release|Any CPU.ActiveCfg = Release|Any CPU
		{FB25E1EF-9F05-49BA-B241-2CAF2619C1C3}.Release|Any CPU.Build.0 = Release|Any CPU
		{F0DE146E-6740-440D-928B-5CB0BC332F41}.Debug|Any CPU.ActiveCfg = Debug|Any CPU
		{F0DE146E-6740-440D-928B-5CB0BC332F41}.Debug|Any CPU.Build.0 = Debug|Any CPU
		{F0DE146E-6740-440D-928B-5CB0BC332F41}.Release|Any CPU.ActiveCfg = Release|Any CPU
		{F0DE146E-6740-440D-928B-5CB0BC332F41}.Release|Any CPU.Build.0 = Release|Any CPU
		{D6BF3FC6-5076-4AA7-A949-FD7DFFC2ABBB}.Debug|Any CPU.ActiveCfg = Debug|Any CPU
		{D6BF3FC6-5076-4AA7-A949-FD7DFFC2ABBB}.Debug|Any CPU.Build.0 = Debug|Any CPU
		{D6BF3FC6-5076-4AA7-A949-FD7DFFC2ABBB}.Release|Any CPU.ActiveCfg = Release|Any CPU
		{D6BF3FC6-5076-4AA7-A949-FD7DFFC2ABBB}.Release|Any CPU.Build.0 = Release|Any CPU
	EndGlobalSection
	GlobalSection(SolutionProperties) = preSolution
		HideSolutionNode = FALSE
	EndGlobalSection
	GlobalSection(ExtensibilityGlobals) = postSolution
		SolutionGuid = {26487A68-C95C-4CE0-ABB2-9A382D13D11D}
	EndGlobalSection
EndGlobal
